Microsoft Visual Studio Solution File, Format Version 12.00
# Visual Studio Version 17
VisualStudioVersion = 17.5.2.0
MinimumVisualStudioVersion = 10.0.40219.1
Project("{FAE04EC0-301F-11D3-BF4B-00C04F79EFBC}") = "POO-02-2025", "POO-02-2025.csproj", "{724455C0-E261-4351-EC0A-757CE1A48D51}"
EndProject
Global
	GlobalSection(SolutionConfigurationPlatforms) = preSolution
		Debug|Any CPU = Debug|Any CPU
		Release|Any CPU = Release|Any CPU
	EndGlobalSection
	GlobalSection(ProjectConfigurationPlatforms) = postSolution
		{724455C0-E261-4351-EC0A-757CE1A48D51}.Debug|Any CPU.ActiveCfg = Debug|Any CPU
		{724455C0-E261-4351-EC0A-757CE1A48D51}.Debug|Any CPU.Build.0 = Debug|Any CPU
		{724455C0-E261-4351-EC0A-757CE1A48D51}.Release|Any CPU.ActiveCfg = Release|Any CPU
		{724455C0-E261-4351-EC0A-757CE1A48D51}.Release|Any CPU.Build.0 = Release|Any CPU
	EndGlobalSection
	GlobalSection(SolutionProperties) = preSolution
		HideSolutionNode = FALSE
	EndGlobalSection
	GlobalSection(ExtensibilityGlobals) = postSolution
		SolutionGuid = {0B9BAA0C-2412-4CCA-BA49-85D431B4590D}
	EndGlobalSection
EndGlobal
